
Microsoft Visual Studio Solution File, Format Version 12.00
# Visual Studio Version 17
VisualStudioVersion = 17.1.32210.238
MinimumVisualStudioVersion = 10.0.40219.1
Project("{FAE04EC0-301F-11D3-BF4B-00C04F79EFBC}") = "Elecciones.Models", "Elecciones.Models\Elecciones.Models.csproj", "{05E78F20-7D83-438E-AA8E-DCE5A530D6F8}"
EndProject
Project("{FAE04EC0-301F-11D3-BF4B-00C04F79EFBC}") = "Elecciones.Logic", "Elecciones.Logic\Elecciones.Logic.csproj", "{EA10394A-C721-4069-91D7-960397F04E1F}"
EndProject
Project("{FAE04EC0-301F-11D3-BF4B-00C04F79EFBC}") = "Elecciones.Website", "Elecciones.Website\Elecciones.Website.csproj", "{F219560A-A09A-49FF-A957-F10008F34891}"
EndProject
Project("{9A19103F-16F7-4668-BE54-9A1E7A4F7556}") = "Deteccion", "Deteccion\Deteccion.csproj", "{DC160A5D-4874-4013-A3C9-DF3CBF7649DB}"
EndProject
Project("{FAE04EC0-301F-11D3-BF4B-00C04F79EFBC}") = "Deteccion.Droid", "Deteccion.Droid\Deteccion.Droid.csproj", "{13BA34AE-3082-42A2-9F8B-1F2DC1DCA48F}"
EndProject
Project("{FAE04EC0-301F-11D3-BF4B-00C04F79EFBC}") = "Deteccion.iOS", "Deteccion.iOS\Deteccion.iOS.csproj", "{4520F993-C87F-454C-8431-FFA46FF9211A}"
EndProject
Project("{2150E333-8FDC-42A3-9474-1A3956D46DE8}") = "Deteccion-Grial", "Deteccion-Grial", "{5BFA4C5A-F134-43F5-8611-190C68D6813E}"
EndProject
Project("{2150E333-8FDC-42A3-9474-1A3956D46DE8}") = "Movilizacion-Grial", "Movilizacion-Grial", "{1A7E9A67-933A-4FE8-AB12-8B99EB53B9C4}"
EndProject
Project("{9A19103F-16F7-4668-BE54-9A1E7A4F7556}") = "Movilizacion", "Movilizacion\Movilizacion.csproj", "{7EE211F9-E5B4-45F9-A03F-02885AE5DA44}"
EndProject
Project("{FAE04EC0-301F-11D3-BF4B-00C04F79EFBC}") = "Movilizacion.Droid", "Movilizacion.Droid\Movilizacion.Droid.csproj", "{E019D746-9E8B-4E7B-BFA2-4C9044086B4D}"
EndProject
Project("{FAE04EC0-301F-11D3-BF4B-00C04F79EFBC}") = "Movilizacion.iOS", "Movilizacion.iOS\Movilizacion.iOS.csproj", "{DD15B142-7D2A-4B5A-A2F8-75F29C0430B4}"
EndProject
Project("{9A19103F-16F7-4668-BE54-9A1E7A4F7556}") = "Elecciones.Common", "Elecciones.Common\Elecciones.Common.csproj", "{CD292F11-3E7E-43A6-9155-C0796638F631}"
EndProject
Global
	GlobalSection(SolutionConfigurationPlatforms) = preSolution
		Ad-Hoc|Any CPU = Ad-Hoc|Any CPU
		Ad-Hoc|iPhone = Ad-Hoc|iPhone
		Ad-Hoc|iPhoneSimulator = Ad-Hoc|iPhoneSimulator
		AppStore|Any CPU = AppStore|Any CPU
		AppStore|iPhone = AppStore|iPhone
		AppStore|iPhoneSimulator = AppStore|iPhoneSimulator
		Debug|Any CPU = Debug|Any CPU
		Debug|iPhone = Debug|iPhone
		Debug|iPhoneSimulator = Debug|iPhoneSimulator
		Gorilla|Any CPU = Gorilla|Any CPU
		Gorilla|iPhone = Gorilla|iPhone
		Gorilla|iPhoneSimulator = Gorilla|iPhoneSimulator
		Release|Any CPU = Release|Any CPU
		Release|iPhone = Release|iPhone
		Release|iPhoneSimulator = Release|iPhoneSimulator
	EndGlobalSection
	GlobalSection(ProjectConfigurationPlatforms) = postSolution
		{05E78F20-7D83-438E-AA8E-DCE5A530D6F8}.Ad-Hoc|Any CPU.ActiveCfg = Release|Any CPU
		{05E78F20-7D83-438E-AA8E-DCE5A530D6F8}.Ad-Hoc|Any CPU.Build.0 = Release|Any CPU
		{05E78F20-7D83-438E-AA8E-DCE5A530D6F8}.Ad-Hoc|iPhone.ActiveCfg = Release|Any CPU
		{05E78F20-7D83-438E-AA8E-DCE5A530D6F8}.Ad-Hoc|iPhone.Build.0 = Release|Any CPU
		{05E78F20-7D83-438E-AA8E-DCE5A530D6F8}.Ad-Hoc|iPhoneSimulator.ActiveCfg = Release|Any CPU
		{05E78F20-7D83-438E-AA8E-DCE5A530D6F8}.Ad-Hoc|iPhoneSimulator.Build.0 = Release|Any CPU
		{05E78F20-7D83-438E-AA8E-DCE5A530D6F8}.AppStore|Any CPU.ActiveCfg = Release|Any CPU
		{05E78F20-7D83-438E-AA8E-DCE5A530D6F8}.AppStore|Any CPU.Build.0 = Release|Any CPU
		{05E78F20-7D83-438E-AA8E-DCE5A530D6F8}.AppStore|iPhone.ActiveCfg = Release|Any CPU
		{05E78F20-7D83-438E-AA8E-DCE5A530D6F8}.AppStore|iPhone.Build.0 = Release|Any CPU
		{05E78F20-7D83-438E-AA8E-DCE5A530D6F8}.AppStore|iPhoneSimulator.ActiveCfg = Release|Any CPU
		{05E78F20-7D83-438E-AA8E-DCE5A530D6F8}.AppStore|iPhoneSimulator.Build.0 = Release|Any CPU
		{05E78F20-7D83-438E-AA8E-DCE5A530D6F8}.Debug|Any CPU.ActiveCfg = Debug|Any CPU
		{05E78F20-7D83-438E-AA8E-DCE5A530D6F8}.Debug|Any CPU.Build.0 = Debug|Any CPU
		{05E78F20-7D83-438E-AA8E-DCE5A530D6F8}.Debug|iPhone.ActiveCfg = Debug|Any CPU
		{05E78F20-7D83-438E-AA8E-DCE5A530D6F8}.Debug|iPhone.Build.0 = Debug|Any CPU
		{05E78F20-7D83-438E-AA8E-DCE5A530D6F8}.Debug|iPhoneSimulator.ActiveCfg = Debug|Any CPU
		{05E78F20-7D83-438E-AA8E-DCE5A530D6F8}.Debug|iPhoneSimulator.Build.0 = Debug|Any CPU
		{05E78F20-7D83-438E-AA8E-DCE5A530D6F8}.Gorilla|Any CPU.ActiveCfg = Debug|Any CPU
		{05E78F20-7D83-438E-AA8E-DCE5A530D6F8}.Gorilla|Any CPU.Build.0 = Debug|Any CPU
		{05E78F20-7D83-438E-AA8E-DCE5A530D6F8}.Gorilla|iPhone.ActiveCfg = Debug|Any CPU
		{05E78F20-7D83-438E-AA8E-DCE5A530D6F8}.Gorilla|iPhone.Build.0 = Debug|Any CPU
		{05E78F20-7D83-438E-AA8E-DCE5A530D6F8}.Gorilla|iPhoneSimulator.ActiveCfg = Debug|Any CPU
		{05E78F20-7D83-438E-AA8E-DCE5A530D6F8}.Gorilla|iPhoneSimulator.Build.0 = Debug|Any CPU
		{05E78F20-7D83-438E-AA8E-DCE5A530D6F8}.Release|Any CPU.ActiveCfg = Release|Any CPU
		{05E78F20-7D83-438E-AA8E-DCE5A530D6F8}.Release|Any CPU.Build.0 = Release|Any CPU
		{05E78F20-7D83-438E-AA8E-DCE5A530D6F8}.Release|iPhone.ActiveCfg = Release|Any CPU
		{05E78F20-7D83-438E-AA8E-DCE5A530D6F8}.Release|iPhone.Build.0 = Release|Any CPU
		{05E78F20-7D83-438E-AA8E-DCE5A530D6F8}.Release|iPhoneSimulator.ActiveCfg = Release|Any CPU
		{05E78F20-7D83-438E-AA8E-DCE5A530D6F8}.Release|iPhoneSimulator.Build.0 = Release|Any CPU
		{EA10394A-C721-4069-91D7-960397F04E1F}.Ad-Hoc|Any CPU.ActiveCfg = Release|Any CPU
		{EA10394A-C721-4069-91D7-960397F04E1F}.Ad-Hoc|Any CPU.Build.0 = Release|Any CPU
		{EA10394A-C721-4069-91D7-960397F04E1F}.Ad-Hoc|iPhone.ActiveCfg = Release|Any CPU
		{EA10394A-C721-4069-91D7-960397F04E1F}.Ad-Hoc|iPhone.Build.0 = Release|Any CPU
		{EA10394A-C721-4069-91D7-960397F04E1F}.Ad-Hoc|iPhoneSimulator.ActiveCfg = Release|Any CPU
		{EA10394A-C721-4069-91D7-960397F04E1F}.Ad-Hoc|iPhoneSimulator.Build.0 = Release|Any CPU
		{EA10394A-C721-4069-91D7-960397F04E1F}.AppStore|Any CPU.ActiveCfg = Release|Any CPU
		{EA10394A-C721-4069-91D7-960397F04E1F}.AppStore|Any CPU.Build.0 = Release|Any CPU
		{EA10394A-C721-4069-91D7-960397F04E1F}.AppStore|iPhone.ActiveCfg = Release|Any CPU
		{EA10394A-C721-4069-91D7-960397F04E1F}.AppStore|iPhone.Build.0 = Release|Any CPU
		{EA10394A-C721-4069-91D7-960397F04E1F}.AppStore|iPhoneSimulator.ActiveCfg = Release|Any CPU
		{EA10394A-C721-4069-91D7-960397F04E1F}.AppStore|iPhoneSimulator.Build.0 = Release|Any CPU
		{EA10394A-C721-4069-91D7-960397F04E1F}.Debug|Any CPU.ActiveCfg = Debug|Any CPU
		{EA10394A-C721-4069-91D7-960397F04E1F}.Debug|Any CPU.Build.0 = Debug|Any CPU
		{EA10394A-C721-4069-91D7-960397F04E1F}.Debug|iPhone.ActiveCfg = Debug|Any CPU
		{EA10394A-C721-4069-91D7-960397F04E1F}.Debug|iPhone.Build.0 = Debug|Any CPU
		{EA10394A-C721-4069-91D7-960397F04E1F}.Debug|iPhoneSimulator.ActiveCfg = Debug|Any CPU
		{EA10394A-C721-4069-91D7-960397F04E1F}.Debug|iPhoneSimulator.Build.0 = Debug|Any CPU
		{EA10394A-C721-4069-91D7-960397F04E1F}.Gorilla|Any CPU.ActiveCfg = Debug|Any CPU
		{EA10394A-C721-4069-91D7-960397F04E1F}.Gorilla|Any CPU.Build.0 = Debug|Any CPU
		{EA10394A-C721-4069-91D7-960397F04E1F}.Gorilla|iPhone.ActiveCfg = Debug|Any CPU
		{EA10394A-C721-4069-91D7-960397F04E1F}.Gorilla|iPhone.Build.0 = Debug|Any CPU
		{EA10394A-C721-4069-91D7-960397F04E1F}.Gorilla|iPhoneSimulator.ActiveCfg = Debug|Any CPU
		{EA10394A-C721-4069-91D7-960397F04E1F}.Gorilla|iPhoneSimulator.Build.0 = Debug|Any CPU
		{EA10394A-C721-4069-91D7-960397F04E1F}.Release|Any CPU.ActiveCfg = Release|Any CPU
		{EA10394A-C721-4069-91D7-960397F04E1F}.Release|Any CPU.Build.0 = Release|Any CPU
		{EA10394A-C721-4069-91D7-960397F04E1F}.Release|iPhone.ActiveCfg = Release|Any CPU
		{EA10394A-C721-4069-91D7-960397F04E1F}.Release|iPhone.Build.0 = Release|Any CPU
		{EA10394A-C721-4069-91D7-960397F04E1F}.Release|iPhoneSimulator.ActiveCfg = Release|Any CPU
		{EA10394A-C721-4069-91D7-960397F04E1F}.Release|iPhoneSimulator.Build.0 = Release|Any CPU
		{F219560A-A09A-49FF-A957-F10008F34891}.Ad-Hoc|Any CPU.ActiveCfg = Debug|Any CPU
		{F219560A-A09A-49FF-A957-F10008F34891}.Ad-Hoc|Any CPU.Build.0 = Debug|Any CPU
		{F219560A-A09A-49FF-A957-F10008F34891}.Ad-Hoc|iPhone.ActiveCfg = Debug|Any CPU
		{F219560A-A09A-49FF-A957-F10008F34891}.Ad-Hoc|iPhone.Build.0 = Debug|Any CPU
		{F219560A-A09A-49FF-A957-F10008F34891}.Ad-Hoc|iPhoneSimulator.ActiveCfg = Debug|Any CPU
		{F219560A-A09A-49FF-A957-F10008F34891}.Ad-Hoc|iPhoneSimulator.Build.0 = Debug|Any CPU
		{F219560A-A09A-49FF-A957-F10008F34891}.AppStore|Any CPU.ActiveCfg = Debug|Any CPU
		{F219560A-A09A-49FF-A957-F10008F34891}.AppStore|Any CPU.Build.0 = Debug|Any CPU
		{F219560A-A09A-49FF-A957-F10008F34891}.AppStore|iPhone.ActiveCfg = Debug|Any CPU
		{F219560A-A09A-49FF-A957-F10008F34891}.AppStore|iPhone.Build.0 = Debug|Any CPU
		{F219560A-A09A-49FF-A957-F10008F34891}.AppStore|iPhoneSimulator.ActiveCfg = Debug|Any CPU
		{F219560A-A09A-49FF-A957-F10008F34891}.AppStore|iPhoneSimulator.Build.0 = Debug|Any CPU
		{F219560A-A09A-49FF-A957-F10008F34891}.Debug|Any CPU.ActiveCfg = Debug|Any CPU
		{F219560A-A09A-49FF-A957-F10008F34891}.Debug|Any CPU.Build.0 = Debug|Any CPU
		{F219560A-A09A-49FF-A957-F10008F34891}.Debug|iPhone.ActiveCfg = Debug|Any CPU
		{F219560A-A09A-49FF-A957-F10008F34891}.Debug|iPhone.Build.0 = Debug|Any CPU
		{F219560A-A09A-49FF-A957-F10008F34891}.Debug|iPhoneSimulator.ActiveCfg = Debug|Any CPU
		{F219560A-A09A-49FF-A957-F10008F34891}.Debug|iPhoneSimulator.Build.0 = Debug|Any CPU
		{F219560A-A09A-49FF-A957-F10008F34891}.Gorilla|Any CPU.ActiveCfg = Release|Any CPU
		{F219560A-A09A-49FF-A957-F10008F34891}.Gorilla|Any CPU.Build.0 = Release|Any CPU
		{F219560A-A09A-49FF-A957-F10008F34891}.Gorilla|iPhone.ActiveCfg = Release|Any CPU
		{F219560A-A09A-49FF-A957-F10008F34891}.Gorilla|iPhone.Build.0 = Release|Any CPU
		{F219560A-A09A-49FF-A957-F10008F34891}.Gorilla|iPhoneSimulator.ActiveCfg = Release|Any CPU
		{F219560A-A09A-49FF-A957-F10008F34891}.Gorilla|iPhoneSimulator.Build.0 = Release|Any CPU
		{F219560A-A09A-49FF-A957-F10008F34891}.Release|Any CPU.ActiveCfg = Release|Any CPU
		{F219560A-A09A-49FF-A957-F10008F34891}.Release|Any CPU.Build.0 = Release|Any CPU
		{F219560A-A09A-49FF-A957-F10008F34891}.Release|iPhone.ActiveCfg = Release|Any CPU
		{F219560A-A09A-49FF-A957-F10008F34891}.Release|iPhone.Build.0 = Release|Any CPU
		{F219560A-A09A-49FF-A957-F10008F34891}.Release|iPhoneSimulator.ActiveCfg = Release|Any CPU
		{F219560A-A09A-49FF-A957-F10008F34891}.Release|iPhoneSimulator.Build.0 = Release|Any CPU
		{DC160A5D-4874-4013-A3C9-DF3CBF7649DB}.Ad-Hoc|Any CPU.ActiveCfg = Release|Any CPU
		{DC160A5D-4874-4013-A3C9-DF3CBF7649DB}.Ad-Hoc|Any CPU.Build.0 = Release|Any CPU
		{DC160A5D-4874-4013-A3C9-DF3CBF7649DB}.Ad-Hoc|iPhone.ActiveCfg = Release|Any CPU
		{DC160A5D-4874-4013-A3C9-DF3CBF7649DB}.Ad-Hoc|iPhone.Build.0 = Release|Any CPU
		{DC160A5D-4874-4013-A3C9-DF3CBF7649DB}.Ad-Hoc|iPhoneSimulator.ActiveCfg = Release|Any CPU
		{DC160A5D-4874-4013-A3C9-DF3CBF7649DB}.Ad-Hoc|iPhoneSimulator.Build.0 = Release|Any CPU
		{DC160A5D-4874-4013-A3C9-DF3CBF7649DB}.AppStore|Any CPU.ActiveCfg = Release|Any CPU
		{DC160A5D-4874-4013-A3C9-DF3CBF7649DB}.AppStore|Any CPU.Build.0 = Release|Any CPU
		{DC160A5D-4874-4013-A3C9-DF3CBF7649DB}.AppStore|iPhone.ActiveCfg = Release|Any CPU
		{DC160A5D-4874-4013-A3C9-DF3CBF7649DB}.AppStore|iPhone.Build.0 = Release|Any CPU
		{DC160A5D-4874-4013-A3C9-DF3CBF7649DB}.AppStore|iPhoneSimulator.ActiveCfg = Release|Any CPU
		{DC160A5D-4874-4013-A3C9-DF3CBF7649DB}.AppStore|iPhoneSimulator.Build.0 = Release|Any CPU
		{DC160A5D-4874-4013-A3C9-DF3CBF7649DB}.Debug|Any CPU.ActiveCfg = Debug|Any CPU
		{DC160A5D-4874-4013-A3C9-DF3CBF7649DB}.Debug|Any CPU.Build.0 = Debug|Any CPU
		{DC160A5D-4874-4013-A3C9-DF3CBF7649DB}.Debug|iPhone.ActiveCfg = Debug|Any CPU
		{DC160A5D-4874-4013-A3C9-DF3CBF7649DB}.Debug|iPhone.Build.0 = Debug|Any CPU
		{DC160A5D-4874-4013-A3C9-DF3CBF7649DB}.Debug|iPhoneSimulator.ActiveCfg = Debug|Any CPU
		{DC160A5D-4874-4013-A3C9-DF3CBF7649DB}.Debug|iPhoneSimulator.Build.0 = Debug|Any CPU
		{DC160A5D-4874-4013-A3C9-DF3CBF7649DB}.Gorilla|Any CPU.ActiveCfg = Release|Any CPU
		{DC160A5D-4874-4013-A3C9-DF3CBF7649DB}.Gorilla|Any CPU.Build.0 = Release|Any CPU
		{DC160A5D-4874-4013-A3C9-DF3CBF7649DB}.Gorilla|iPhone.ActiveCfg = Release|Any CPU
		{DC160A5D-4874-4013-A3C9-DF3CBF7649DB}.Gorilla|iPhone.Build.0 = Release|Any CPU
		{DC160A5D-4874-4013-A3C9-DF3CBF7649DB}.Gorilla|iPhoneSimulator.ActiveCfg = Release|Any CPU
		{DC160A5D-4874-4013-A3C9-DF3CBF7649DB}.Gorilla|iPhoneSimulator.Build.0 = Release|Any CPU
		{DC160A5D-4874-4013-A3C9-DF3CBF7649DB}.Release|Any CPU.ActiveCfg = Release|Any CPU
		{DC160A5D-4874-4013-A3C9-DF3CBF7649DB}.Release|Any CPU.Build.0 = Release|Any CPU
		{DC160A5D-4874-4013-A3C9-DF3CBF7649DB}.Release|iPhone.ActiveCfg = Release|Any CPU
		{DC160A5D-4874-4013-A3C9-DF3CBF7649DB}.Release|iPhone.Build.0 = Release|Any CPU
		{DC160A5D-4874-4013-A3C9-DF3CBF7649DB}.Release|iPhoneSimulator.ActiveCfg = Release|Any CPU
		{DC160A5D-4874-4013-A3C9-DF3CBF7649DB}.Release|iPhoneSimulator.Build.0 = Release|Any CPU
		{13BA34AE-3082-42A2-9F8B-1F2DC1DCA48F}.Ad-Hoc|Any CPU.ActiveCfg = Debug|Any CPU
		{13BA34AE-3082-42A2-9F8B-1F2DC1DCA48F}.Ad-Hoc|Any CPU.Build.0 = Debug|Any CPU
		{13BA34AE-3082-42A2-9F8B-1F2DC1DCA48F}.Ad-Hoc|Any CPU.Deploy.0 = Debug|Any CPU
		{13BA34AE-3082-42A2-9F8B-1F2DC1DCA48F}.Ad-Hoc|iPhone.ActiveCfg = Debug|iPhone
		{13BA34AE-3082-42A2-9F8B-1F2DC1DCA48F}.Ad-Hoc|iPhone.Build.0 = Debug|iPhone
		{13BA34AE-3082-42A2-9F8B-1F2DC1DCA48F}.Ad-Hoc|iPhone.Deploy.0 = Debug|iPhone
		{13BA34AE-3082-42A2-9F8B-1F2DC1DCA48F}.Ad-Hoc|iPhoneSimulator.ActiveCfg = Debug|iPhoneSimulator
		{13BA34AE-3082-42A2-9F8B-1F2DC1DCA48F}.Ad-Hoc|iPhoneSimulator.Build.0 = Debug|iPhoneSimulator
		{13BA34AE-3082-42A2-9F8B-1F2DC1DCA48F}.Ad-Hoc|iPhoneSimulator.Deploy.0 = Debug|iPhoneSimulator
		{13BA34AE-3082-42A2-9F8B-1F2DC1DCA48F}.AppStore|Any CPU.ActiveCfg = Debug|Any CPU
		{13BA34AE-3082-42A2-9F8B-1F2DC1DCA48F}.AppStore|Any CPU.Build.0 = Debug|Any CPU
		{13BA34AE-3082-42A2-9F8B-1F2DC1DCA48F}.AppStore|Any CPU.Deploy.0 = Debug|Any CPU
		{13BA34AE-3082-42A2-9F8B-1F2DC1DCA48F}.AppStore|iPhone.ActiveCfg = Debug|iPhone
		{13BA34AE-3082-42A2-9F8B-1F2DC1DCA48F}.AppStore|iPhone.Build.0 = Debug|iPhone
		{13BA34AE-3082-42A2-9F8B-1F2DC1DCA48F}.AppStore|iPhone.Deploy.0 = Debug|iPhone
		{13BA34AE-3082-42A2-9F8B-1F2DC1DCA48F}.AppStore|iPhoneSimulator.ActiveCfg = Debug|iPhoneSimulator
		{13BA34AE-3082-42A2-9F8B-1F2DC1DCA48F}.AppStore|iPhoneSimulator.Build.0 = Debug|iPhoneSimulator
		{13BA34AE-3082-42A2-9F8B-1F2DC1DCA48F}.AppStore|iPhoneSimulator.Deploy.0 = Debug|iPhoneSimulator
		{13BA34AE-3082-42A2-9F8B-1F2DC1DCA48F}.Debug|Any CPU.ActiveCfg = Debug|Any CPU
		{13BA34AE-3082-42A2-9F8B-1F2DC1DCA48F}.Debug|Any CPU.Build.0 = Debug|Any CPU
		{13BA34AE-3082-42A2-9F8B-1F2DC1DCA48F}.Debug|Any CPU.Deploy.0 = Debug|Any CPU
		{13BA34AE-3082-42A2-9F8B-1F2DC1DCA48F}.Debug|iPhone.ActiveCfg = Debug|iPhone
		{13BA34AE-3082-42A2-9F8B-1F2DC1DCA48F}.Debug|iPhone.Build.0 = Debug|iPhone
		{13BA34AE-3082-42A2-9F8B-1F2DC1DCA48F}.Debug|iPhone.Deploy.0 = Debug|iPhone
		{13BA34AE-3082-42A2-9F8B-1F2DC1DCA48F}.Debug|iPhoneSimulator.ActiveCfg = Debug|iPhoneSimulator
		{13BA34AE-3082-42A2-9F8B-1F2DC1DCA48F}.Debug|iPhoneSimulator.Build.0 = Debug|iPhoneSimulator
		{13BA34AE-3082-42A2-9F8B-1F2DC1DCA48F}.Debug|iPhoneSimulator.Deploy.0 = Debug|iPhoneSimulator
		{13BA34AE-3082-42A2-9F8B-1F2DC1DCA48F}.Gorilla|Any CPU.ActiveCfg = Gorilla|Any CPU
		{13BA34AE-3082-42A2-9F8B-1F2DC1DCA48F}.Gorilla|Any CPU.Build.0 = Gorilla|Any CPU
		{13BA34AE-3082-42A2-9F8B-1F2DC1DCA48F}.Gorilla|Any CPU.Deploy.0 = Gorilla|Any CPU
		{13BA34AE-3082-42A2-9F8B-1F2DC1DCA48F}.Gorilla|iPhone.ActiveCfg = Gorilla|iPhone
		{13BA34AE-3082-42A2-9F8B-1F2DC1DCA48F}.Gorilla|iPhone.Build.0 = Gorilla|iPhone
		{13BA34AE-3082-42A2-9F8B-1F2DC1DCA48F}.Gorilla|iPhone.Deploy.0 = Gorilla|iPhone
		{13BA34AE-3082-42A2-9F8B-1F2DC1DCA48F}.Gorilla|iPhoneSimulator.ActiveCfg = Gorilla|iPhoneSimulator
		{13BA34AE-3082-42A2-9F8B-1F2DC1DCA48F}.Gorilla|iPhoneSimulator.Build.0 = Gorilla|iPhoneSimulator
		{13BA34AE-3082-42A2-9F8B-1F2DC1DCA48F}.Gorilla|iPhoneSimulator.Deploy.0 = Gorilla|iPhoneSimulator
		{13BA34AE-3082-42A2-9F8B-1F2DC1DCA48F}.Release|Any CPU.ActiveCfg = Release|Any CPU
		{13BA34AE-3082-42A2-9F8B-1F2DC1DCA48F}.Release|Any CPU.Build.0 = Release|Any CPU
		{13BA34AE-3082-42A2-9F8B-1F2DC1DCA48F}.Release|Any CPU.Deploy.0 = Release|Any CPU
		{13BA34AE-3082-42A2-9F8B-1F2DC1DCA48F}.Release|iPhone.ActiveCfg = Release|iPhone
		{13BA34AE-3082-42A2-9F8B-1F2DC1DCA48F}.Release|iPhone.Build.0 = Release|iPhone
		{13BA34AE-3082-42A2-9F8B-1F2DC1DCA48F}.Release|iPhone.Deploy.0 = Release|iPhone
		{13BA34AE-3082-42A2-9F8B-1F2DC1DCA48F}.Release|iPhoneSimulator.ActiveCfg = Release|iPhoneSimulator
		{13BA34AE-3082-42A2-9F8B-1F2DC1DCA48F}.Release|iPhoneSimulator.Build.0 = Release|iPhoneSimulator
		{13BA34AE-3082-42A2-9F8B-1F2DC1DCA48F}.Release|iPhoneSimulator.Deploy.0 = Release|iPhoneSimulator
		{4520F993-C87F-454C-8431-FFA46FF9211A}.Ad-Hoc|Any CPU.ActiveCfg = Ad-Hoc|Any CPU
		{4520F993-C87F-454C-8431-FFA46FF9211A}.Ad-Hoc|Any CPU.Build.0 = Ad-Hoc|Any CPU
		{4520F993-C87F-454C-8431-FFA46FF9211A}.Ad-Hoc|iPhone.ActiveCfg = Ad-Hoc|iPhone
		{4520F993-C87F-454C-8431-FFA46FF9211A}.Ad-Hoc|iPhone.Build.0 = Ad-Hoc|iPhone
		{4520F993-C87F-454C-8431-FFA46FF9211A}.Ad-Hoc|iPhoneSimulator.ActiveCfg = Ad-Hoc|iPhoneSimulator
		{4520F993-C87F-454C-8431-FFA46FF9211A}.Ad-Hoc|iPhoneSimulator.Build.0 = Ad-Hoc|iPhoneSimulator
		{4520F993-C87F-454C-8431-FFA46FF9211A}.AppStore|Any CPU.ActiveCfg = AppStore|Any CPU
		{4520F993-C87F-454C-8431-FFA46FF9211A}.AppStore|Any CPU.Build.0 = AppStore|Any CPU
		{4520F993-C87F-454C-8431-FFA46FF9211A}.AppStore|iPhone.ActiveCfg = AppStore|iPhone
		{4520F993-C87F-454C-8431-FFA46FF9211A}.AppStore|iPhone.Build.0 = AppStore|iPhone
		{4520F993-C87F-454C-8431-FFA46FF9211A}.AppStore|iPhoneSimulator.ActiveCfg = AppStore|iPhoneSimulator
		{4520F993-C87F-454C-8431-FFA46FF9211A}.AppStore|iPhoneSimulator.Build.0 = AppStore|iPhoneSimulator
		{4520F993-C87F-454C-8431-FFA46FF9211A}.Debug|Any CPU.ActiveCfg = Debug|iPhoneSimulator
		{4520F993-C87F-454C-8431-FFA46FF9211A}.Debug|Any CPU.Build.0 = Debug|iPhoneSimulator
		{4520F993-C87F-454C-8431-FFA46FF9211A}.Debug|iPhone.ActiveCfg = Debug|iPhone
		{4520F993-C87F-454C-8431-FFA46FF9211A}.Debug|iPhone.Build.0 = Debug|iPhone
		{4520F993-C87F-454C-8431-FFA46FF9211A}.Debug|iPhoneSimulator.ActiveCfg = Debug|iPhoneSimulator
		{4520F993-C87F-454C-8431-FFA46FF9211A}.Debug|iPhoneSimulator.Build.0 = Debug|iPhoneSimulator
		{4520F993-C87F-454C-8431-FFA46FF9211A}.Gorilla|Any CPU.ActiveCfg = Gorilla|Any CPU
		{4520F993-C87F-454C-8431-FFA46FF9211A}.Gorilla|Any CPU.Build.0 = Gorilla|Any CPU
		{4520F993-C87F-454C-8431-FFA46FF9211A}.Gorilla|iPhone.ActiveCfg = Gorilla|iPhone
		{4520F993-C87F-454C-8431-FFA46FF9211A}.Gorilla|iPhone.Build.0 = Gorilla|iPhone
		{4520F993-C87F-454C-8431-FFA46FF9211A}.Gorilla|iPhoneSimulator.ActiveCfg = Gorilla|iPhoneSimulator
		{4520F993-C87F-454C-8431-FFA46FF9211A}.Gorilla|iPhoneSimulator.Build.0 = Gorilla|iPhoneSimulator
		{4520F993-C87F-454C-8431-FFA46FF9211A}.Release|Any CPU.ActiveCfg = Release|iPhoneSimulator
		{4520F993-C87F-454C-8431-FFA46FF9211A}.Release|Any CPU.Build.0 = Release|iPhoneSimulator
		{4520F993-C87F-454C-8431-FFA46FF9211A}.Release|iPhone.ActiveCfg = Release|iPhone
		{4520F993-C87F-454C-8431-FFA46FF9211A}.Release|iPhone.Build.0 = Release|iPhone
		{4520F993-C87F-454C-8431-FFA46FF9211A}.Release|iPhoneSimulator.ActiveCfg = Release|iPhoneSimulator
		{4520F993-C87F-454C-8431-FFA46FF9211A}.Release|iPhoneSimulator.Build.0 = Release|iPhoneSimulator
		{7EE211F9-E5B4-45F9-A03F-02885AE5DA44}.Ad-Hoc|Any CPU.ActiveCfg = Release|Any CPU
		{7EE211F9-E5B4-45F9-A03F-02885AE5DA44}.Ad-Hoc|Any CPU.Build.0 = Release|Any CPU
		{7EE211F9-E5B4-45F9-A03F-02885AE5DA44}.Ad-Hoc|iPhone.ActiveCfg = Release|Any CPU
		{7EE211F9-E5B4-45F9-A03F-02885AE5DA44}.Ad-Hoc|iPhone.Build.0 = Release|Any CPU
		{7EE211F9-E5B4-45F9-A03F-02885AE5DA44}.Ad-Hoc|iPhoneSimulator.ActiveCfg = Release|Any CPU
		{7EE211F9-E5B4-45F9-A03F-02885AE5DA44}.Ad-Hoc|iPhoneSimulator.Build.0 = Release|Any CPU
		{7EE211F9-E5B4-45F9-A03F-02885AE5DA44}.AppStore|Any CPU.ActiveCfg = Release|Any CPU
		{7EE211F9-E5B4-45F9-A03F-02885AE5DA44}.AppStore|Any CPU.Build.0 = Release|Any CPU
		{7EE211F9-E5B4-45F9-A03F-02885AE5DA44}.AppStore|iPhone.ActiveCfg = Release|Any CPU
		{7EE211F9-E5B4-45F9-A03F-02885AE5DA44}.AppStore|iPhone.Build.0 = Release|Any CPU
		{7EE211F9-E5B4-45F9-A03F-02885AE5DA44}.AppStore|iPhoneSimulator.ActiveCfg = Release|Any CPU
		{7EE211F9-E5B4-45F9-A03F-02885AE5DA44}.AppStore|iPhoneSimulator.Build.0 = Release|Any CPU
		{7EE211F9-E5B4-45F9-A03F-02885AE5DA44}.Debug|Any CPU.ActiveCfg = Debug|Any CPU
		{7EE211F9-E5B4-45F9-A03F-02885AE5DA44}.Debug|Any CPU.Build.0 = Debug|Any CPU
		{7EE211F9-E5B4-45F9-A03F-02885AE5DA44}.Debug|iPhone.ActiveCfg = Debug|Any CPU
		{7EE211F9-E5B4-45F9-A03F-02885AE5DA44}.Debug|iPhone.Build.0 = Debug|Any CPU
		{7EE211F9-E5B4-45F9-A03F-02885AE5DA44}.Debug|iPhoneSimulator.ActiveCfg = Debug|Any CPU
		{7EE211F9-E5B4-45F9-A03F-02885AE5DA44}.Debug|iPhoneSimulator.Build.0 = Debug|Any CPU
		{7EE211F9-E5B4-45F9-A03F-02885AE5DA44}.Gorilla|Any CPU.ActiveCfg = Release|Any CPU
		{7EE211F9-E5B4-45F9-A03F-02885AE5DA44}.Gorilla|Any CPU.Build.0 = Release|Any CPU
		{7EE211F9-E5B4-45F9-A03F-02885AE5DA44}.Gorilla|iPhone.ActiveCfg = Release|Any CPU
		{7EE211F9-E5B4-45F9-A03F-02885AE5DA44}.Gorilla|iPhone.Build.0 = Release|Any CPU
		{7EE211F9-E5B4-45F9-A03F-02885AE5DA44}.Gorilla|iPhoneSimulator.ActiveCfg = Release|Any CPU
		{7EE211F9-E5B4-45F9-A03F-02885AE5DA44}.Gorilla|iPhoneSimulator.Build.0 = Release|Any CPU
		{7EE211F9-E5B4-45F9-A03F-02885AE5DA44}.Release|Any CPU.ActiveCfg = Release|Any CPU
		{7EE211F9-E5B4-45F9-A03F-02885AE5DA44}.Release|Any CPU.Build.0 = Release|Any CPU
		{7EE211F9-E5B4-45F9-A03F-02885AE5DA44}.Release|iPhone.ActiveCfg = Release|Any CPU
		{7EE211F9-E5B4-45F9-A03F-02885AE5DA44}.Release|iPhone.Build.0 = Release|Any CPU
		{7EE211F9-E5B4-45F9-A03F-02885AE5DA44}.Release|iPhoneSimulator.ActiveCfg = Release|Any CPU
		{7EE211F9-E5B4-45F9-A03F-02885AE5DA44}.Release|iPhoneSimulator.Build.0 = Release|Any CPU
		{E019D746-9E8B-4E7B-BFA2-4C9044086B4D}.Ad-Hoc|Any CPU.ActiveCfg = Debug|Any CPU
		{E019D746-9E8B-4E7B-BFA2-4C9044086B4D}.Ad-Hoc|Any CPU.Build.0 = Debug|Any CPU
		{E019D746-9E8B-4E7B-BFA2-4C9044086B4D}.Ad-Hoc|Any CPU.Deploy.0 = Debug|Any CPU
		{E019D746-9E8B-4E7B-BFA2-4C9044086B4D}.Ad-Hoc|iPhone.ActiveCfg = Debug|Any CPU
		{E019D746-9E8B-4E7B-BFA2-4C9044086B4D}.Ad-Hoc|iPhone.Build.0 = Debug|Any CPU
		{E019D746-9E8B-4E7B-BFA2-4C9044086B4D}.Ad-Hoc|iPhone.Deploy.0 = Debug|Any CPU
		{E019D746-9E8B-4E7B-BFA2-4C9044086B4D}.Ad-Hoc|iPhoneSimulator.ActiveCfg = Debug|Any CPU
		{E019D746-9E8B-4E7B-BFA2-4C9044086B4D}.Ad-Hoc|iPhoneSimulator.Build.0 = Debug|Any CPU
		{E019D746-9E8B-4E7B-BFA2-4C9044086B4D}.Ad-Hoc|iPhoneSimulator.Deploy.0 = Debug|Any CPU
		{E019D746-9E8B-4E7B-BFA2-4C9044086B4D}.AppStore|Any CPU.ActiveCfg = Debug|Any CPU
		{E019D746-9E8B-4E7B-BFA2-4C9044086B4D}.AppStore|Any CPU.Build.0 = Debug|Any CPU
		{E019D746-9E8B-4E7B-BFA2-4C9044086B4D}.AppStore|Any CPU.Deploy.0 = Debug|Any CPU
		{E019D746-9E8B-4E7B-BFA2-4C9044086B4D}.AppStore|iPhone.ActiveCfg = Debug|Any CPU
		{E019D746-9E8B-4E7B-BFA2-4C9044086B4D}.AppStore|iPhone.Build.0 = Debug|Any CPU
		{E019D746-9E8B-4E7B-BFA2-4C9044086B4D}.AppStore|iPhone.Deploy.0 = Debug|Any CPU
		{E019D746-9E8B-4E7B-BFA2-4C9044086B4D}.AppStore|iPhoneSimulator.ActiveCfg = Debug|Any CPU
		{E019D746-9E8B-4E7B-BFA2-4C9044086B4D}.AppStore|iPhoneSimulator.Build.0 = Debug|Any CPU
		{E019D746-9E8B-4E7B-BFA2-4C9044086B4D}.AppStore|iPhoneSimulator.Deploy.0 = Debug|Any CPU
		{E019D746-9E8B-4E7B-BFA2-4C9044086B4D}.Debug|Any CPU.ActiveCfg = Debug|Any CPU
		{E019D746-9E8B-4E7B-BFA2-4C9044086B4D}.Debug|Any CPU.Build.0 = Debug|Any CPU
		{E019D746-9E8B-4E7B-BFA2-4C9044086B4D}.Debug|Any CPU.Deploy.0 = Debug|Any CPU
		{E019D746-9E8B-4E7B-BFA2-4C9044086B4D}.Debug|iPhone.ActiveCfg = Debug|Any CPU
		{E019D746-9E8B-4E7B-BFA2-4C9044086B4D}.Debug|iPhone.Build.0 = Debug|Any CPU
		{E019D746-9E8B-4E7B-BFA2-4C9044086B4D}.Debug|iPhone.Deploy.0 = Debug|Any CPU
		{E019D746-9E8B-4E7B-BFA2-4C9044086B4D}.Debug|iPhoneSimulator.ActiveCfg = Debug|Any CPU
		{E019D746-9E8B-4E7B-BFA2-4C9044086B4D}.Debug|iPhoneSimulator.Build.0 = Debug|Any CPU
		{E019D746-9E8B-4E7B-BFA2-4C9044086B4D}.Debug|iPhoneSimulator.Deploy.0 = Debug|Any CPU
		{E019D746-9E8B-4E7B-BFA2-4C9044086B4D}.Gorilla|Any CPU.ActiveCfg = Debug|Any CPU
		{E019D746-9E8B-4E7B-BFA2-4C9044086B4D}.Gorilla|Any CPU.Build.0 = Debug|Any CPU
		{E019D746-9E8B-4E7B-BFA2-4C9044086B4D}.Gorilla|Any CPU.Deploy.0 = Debug|Any CPU
		{E019D746-9E8B-4E7B-BFA2-4C9044086B4D}.Gorilla|iPhone.ActiveCfg = Debug|Any CPU
		{E019D746-9E8B-4E7B-BFA2-4C9044086B4D}.Gorilla|iPhone.Build.0 = Debug|Any CPU
		{E019D746-9E8B-4E7B-BFA2-4C9044086B4D}.Gorilla|iPhone.Deploy.0 = Debug|Any CPU
		{E019D746-9E8B-4E7B-BFA2-4C9044086B4D}.Gorilla|iPhoneSimulator.ActiveCfg = Debug|Any CPU
		{E019D746-9E8B-4E7B-BFA2-4C9044086B4D}.Gorilla|iPhoneSimulator.Build.0 = Debug|Any CPU
		{E019D746-9E8B-4E7B-BFA2-4C9044086B4D}.Gorilla|iPhoneSimulator.Deploy.0 = Debug|Any CPU
		{E019D746-9E8B-4E7B-BFA2-4C9044086B4D}.Release|Any CPU.ActiveCfg = Release|Any CPU
		{E019D746-9E8B-4E7B-BFA2-4C9044086B4D}.Release|Any CPU.Build.0 = Release|Any CPU
		{E019D746-9E8B-4E7B-BFA2-4C9044086B4D}.Release|Any CPU.Deploy.0 = Release|Any CPU
		{E019D746-9E8B-4E7B-BFA2-4C9044086B4D}.Release|iPhone.ActiveCfg = Release|Any CPU
		{E019D746-9E8B-4E7B-BFA2-4C9044086B4D}.Release|iPhone.Build.0 = Release|Any CPU
		{E019D746-9E8B-4E7B-BFA2-4C9044086B4D}.Release|iPhone.Deploy.0 = Release|Any CPU
		{E019D746-9E8B-4E7B-BFA2-4C9044086B4D}.Release|iPhoneSimulator.ActiveCfg = Release|Any CPU
		{E019D746-9E8B-4E7B-BFA2-4C9044086B4D}.Release|iPhoneSimulator.Build.0 = Release|Any CPU
		{E019D746-9E8B-4E7B-BFA2-4C9044086B4D}.Release|iPhoneSimulator.Deploy.0 = Release|Any CPU
		{DD15B142-7D2A-4B5A-A2F8-75F29C0430B4}.Ad-Hoc|Any CPU.ActiveCfg = Ad-Hoc|iPhoneSimulator
		{DD15B142-7D2A-4B5A-A2F8-75F29C0430B4}.Ad-Hoc|iPhone.ActiveCfg = Ad-Hoc|iPhone
		{DD15B142-7D2A-4B5A-A2F8-75F29C0430B4}.Ad-Hoc|iPhone.Build.0 = Ad-Hoc|iPhone
		{DD15B142-7D2A-4B5A-A2F8-75F29C0430B4}.Ad-Hoc|iPhoneSimulator.ActiveCfg = Ad-Hoc|iPhoneSimulator
		{DD15B142-7D2A-4B5A-A2F8-75F29C0430B4}.Ad-Hoc|iPhoneSimulator.Build.0 = Ad-Hoc|iPhoneSimulator
		{DD15B142-7D2A-4B5A-A2F8-75F29C0430B4}.AppStore|Any CPU.ActiveCfg = AppStore|iPhoneSimulator
		{DD15B142-7D2A-4B5A-A2F8-75F29C0430B4}.AppStore|iPhone.ActiveCfg = AppStore|iPhone
		{DD15B142-7D2A-4B5A-A2F8-75F29C0430B4}.AppStore|iPhone.Build.0 = AppStore|iPhone
		{DD15B142-7D2A-4B5A-A2F8-75F29C0430B4}.AppStore|iPhoneSimulator.ActiveCfg = AppStore|iPhoneSimulator
		{DD15B142-7D2A-4B5A-A2F8-75F29C0430B4}.AppStore|iPhoneSimulator.Build.0 = AppStore|iPhoneSimulator
		{DD15B142-7D2A-4B5A-A2F8-75F29C0430B4}.Debug|Any CPU.ActiveCfg = Debug|iPhoneSimulator
		{DD15B142-7D2A-4B5A-A2F8-75F29C0430B4}.Debug|iPhone.ActiveCfg = Debug|iPhone
		{DD15B142-7D2A-4B5A-A2F8-75F29C0430B4}.Debug|iPhone.Build.0 = Debug|iPhone
		{DD15B142-7D2A-4B5A-A2F8-75F29C0430B4}.Debug|iPhone.Deploy.0 = Debug|iPhone
		{DD15B142-7D2A-4B5A-A2F8-75F29C0430B4}.Debug|iPhoneSimulator.ActiveCfg = Debug|iPhoneSimulator
		{DD15B142-7D2A-4B5A-A2F8-75F29C0430B4}.Debug|iPhoneSimulator.Build.0 = Debug|iPhoneSimulator
		{DD15B142-7D2A-4B5A-A2F8-75F29C0430B4}.Gorilla|Any CPU.ActiveCfg = Debug|iPhoneSimulator
		{DD15B142-7D2A-4B5A-A2F8-75F29C0430B4}.Gorilla|Any CPU.Build.0 = Debug|iPhoneSimulator
		{DD15B142-7D2A-4B5A-A2F8-75F29C0430B4}.Gorilla|iPhone.ActiveCfg = Debug|iPhone
		{DD15B142-7D2A-4B5A-A2F8-75F29C0430B4}.Gorilla|iPhone.Build.0 = Debug|iPhone
		{DD15B142-7D2A-4B5A-A2F8-75F29C0430B4}.Gorilla|iPhoneSimulator.ActiveCfg = Debug|iPhoneSimulator
		{DD15B142-7D2A-4B5A-A2F8-75F29C0430B4}.Gorilla|iPhoneSimulator.Build.0 = Debug|iPhoneSimulator
		{DD15B142-7D2A-4B5A-A2F8-75F29C0430B4}.Release|Any CPU.ActiveCfg = Release|iPhoneSimulator
		{DD15B142-7D2A-4B5A-A2F8-75F29C0430B4}.Release|iPhone.ActiveCfg = Release|iPhone
		{DD15B142-7D2A-4B5A-A2F8-75F29C0430B4}.Release|iPhone.Build.0 = Release|iPhone
		{DD15B142-7D2A-4B5A-A2F8-75F29C0430B4}.Release|iPhoneSimulator.ActiveCfg = Release|iPhoneSimulator
		{DD15B142-7D2A-4B5A-A2F8-75F29C0430B4}.Release|iPhoneSimulator.Build.0 = Release|iPhoneSimulator
		{CD292F11-3E7E-43A6-9155-C0796638F631}.Ad-Hoc|Any CPU.ActiveCfg = Release|Any CPU
		{CD292F11-3E7E-43A6-9155-C0796638F631}.Ad-Hoc|Any CPU.Build.0 = Release|Any CPU
		{CD292F11-3E7E-43A6-9155-C0796638F631}.Ad-Hoc|iPhone.ActiveCfg = Release|Any CPU
		{CD292F11-3E7E-43A6-9155-C0796638F631}.Ad-Hoc|iPhone.Build.0 = Release|Any CPU
		{CD292F11-3E7E-43A6-9155-C0796638F631}.Ad-Hoc|iPhoneSimulator.ActiveCfg = Release|Any CPU
		{CD292F11-3E7E-43A6-9155-C0796638F631}.Ad-Hoc|iPhoneSimulator.Build.0 = Release|Any CPU
		{CD292F11-3E7E-43A6-9155-C0796638F631}.AppStore|Any CPU.ActiveCfg = Release|Any CPU
		{CD292F11-3E7E-43A6-9155-C0796638F631}.AppStore|Any CPU.Build.0 = Release|Any CPU
		{CD292F11-3E7E-43A6-9155-C0796638F631}.AppStore|iPhone.ActiveCfg = Release|Any CPU
		{CD292F11-3E7E-43A6-9155-C0796638F631}.AppStore|iPhone.Build.0 = Release|Any CPU
		{CD292F11-3E7E-43A6-9155-C0796638F631}.AppStore|iPhoneSimulator.ActiveCfg = Release|Any CPU
		{CD292F11-3E7E-43A6-9155-C0796638F631}.AppStore|iPhoneSimulator.Build.0 = Release|Any CPU
		{CD292F11-3E7E-43A6-9155-C0796638F631}.Debug|Any CPU.ActiveCfg = Debug|Any CPU
		{CD292F11-3E7E-43A6-9155-C0796638F631}.Debug|Any CPU.Build.0 = Debug|Any CPU
		{CD292F11-3E7E-43A6-9155-C0796638F631}.Debug|iPhone.ActiveCfg = Debug|Any CPU
		{CD292F11-3E7E-43A6-9155-C0796638F631}.Debug|iPhone.Build.0 = Debug|Any CPU
		{CD292F11-3E7E-43A6-9155-C0796638F631}.Debug|iPhoneSimulator.ActiveCfg = Debug|Any CPU
		{CD292F11-3E7E-43A6-9155-C0796638F631}.Debug|iPhoneSimulator.Build.0 = Debug|Any CPU
		{CD292F11-3E7E-43A6-9155-C0796638F631}.Gorilla|Any CPU.ActiveCfg = Release|Any CPU
		{CD292F11-3E7E-43A6-9155-C0796638F631}.Gorilla|Any CPU.Build.0 = Release|Any CPU
		{CD292F11-3E7E-43A6-9155-C0796638F631}.Gorilla|iPhone.ActiveCfg = Release|Any CPU
		{CD292F11-3E7E-43A6-9155-C0796638F631}.Gorilla|iPhone.Build.0 = Release|Any CPU
		{CD292F11-3E7E-43A6-9155-C0796638F631}.Gorilla|iPhoneSimulator.ActiveCfg = Release|Any CPU
		{CD292F11-3E7E-43A6-9155-C0796638F631}.Gorilla|iPhoneSimulator.Build.0 = Release|Any CPU
		{CD292F11-3E7E-43A6-9155-C0796638F631}.Release|Any CPU.ActiveCfg = Release|Any CPU
		{CD292F11-3E7E-43A6-9155-C0796638F631}.Release|Any CPU.Build.0 = Release|Any CPU
		{CD292F11-3E7E-43A6-9155-C0796638F631}.Release|iPhone.ActiveCfg = Release|Any CPU
		{CD292F11-3E7E-43A6-9155-C0796638F631}.Release|iPhone.Build.0 = Release|Any CPU
		{CD292F11-3E7E-43A6-9155-C0796638F631}.Release|iPhoneSimulator.ActiveCfg = Release|Any CPU
		{CD292F11-3E7E-43A6-9155-C0796638F631}.Release|iPhoneSimulator.Build.0 = Release|Any CPU
	EndGlobalSection
	GlobalSection(SolutionProperties) = preSolution
		HideSolutionNode = FALSE
	EndGlobalSection
	GlobalSection(NestedProjects) = preSolution
		{DC160A5D-4874-4013-A3C9-DF3CBF7649DB} = {5BFA4C5A-F134-43F5-8611-190C68D6813E}
		{13BA34AE-3082-42A2-9F8B-1F2DC1DCA48F} = {5BFA4C5A-F134-43F5-8611-190C68D6813E}
		{4520F993-C87F-454C-8431-FFA46FF9211A} = {5BFA4C5A-F134-43F5-8611-190C68D6813E}
		{7EE211F9-E5B4-45F9-A03F-02885AE5DA44} = {1A7E9A67-933A-4FE8-AB12-8B99EB53B9C4}
		{E019D746-9E8B-4E7B-BFA2-4C9044086B4D} = {1A7E9A67-933A-4FE8-AB12-8B99EB53B9C4}
		{DD15B142-7D2A-4B5A-A2F8-75F29C0430B4} = {1A7E9A67-933A-4FE8-AB12-8B99EB53B9C4}
	EndGlobalSection
	GlobalSection(ExtensibilityGlobals) = postSolution
		SolutionGuid = {4CAC34B5-E227-4485-BEC1-FE5F728EFB55}
	EndGlobalSection
	GlobalSection(TeamFoundationVersionControl) = preSolution
		SccNumberOfProjects = 11
		SccEnterpriseProvider = {4CA58AB2-18FA-4F8D-95D4-32DDF27D184C}
		SccTeamFoundationServer = https://dev.azure.com/oscarsalas0170
		SccLocalPath0 = .
		SccProjectUniqueName1 = Elecciones.Logic\\Elecciones.Logic.csproj
		SccProjectName1 = Elecciones.Logic
		SccLocalPath1 = Elecciones.Logic
		SccProjectUniqueName2 = Elecciones.Models\\Elecciones.Models.csproj
		SccProjectName2 = Elecciones.Models
		SccLocalPath2 = Elecciones.Models
		SccProjectUniqueName3 = Elecciones.Website\\Elecciones.Website.csproj
		SccProjectName3 = Elecciones.Website
		SccLocalPath3 = Elecciones.Website
		SccProjectUniqueName4 = Deteccion\\Deteccion.csproj
		SccProjectTopLevelParentUniqueName4 = Elecciones.sln
		SccProjectName4 = Deteccion
		SccLocalPath4 = Deteccion
		SccProjectUniqueName5 = Deteccion.Droid\\Deteccion.Droid.csproj
		SccProjectTopLevelParentUniqueName5 = Elecciones.sln
		SccProjectName5 = Deteccion.Droid
		SccLocalPath5 = Deteccion.Droid
		SccProjectUniqueName6 = Deteccion.iOS\\Deteccion.iOS.csproj
		SccProjectTopLevelParentUniqueName6 = Elecciones.sln
		SccProjectName6 = Deteccion.iOS
		SccLocalPath6 = Deteccion.iOS
		SccProjectUniqueName7 = Movilizacion\\Movilizacion.csproj
		SccProjectTopLevelParentUniqueName7 = Elecciones.sln
		SccProjectName7 = Movilizacion
		SccLocalPath7 = Movilizacion
		SccProjectUniqueName8 = Movilizacion.Droid\\Movilizacion.Droid.csproj
		SccProjectTopLevelParentUniqueName8 = Elecciones.sln
		SccProjectName8 = Movilizacion.Droid
		SccLocalPath8 = Movilizacion.Droid
		SccProjectUniqueName9 = Movilizacion.iOS\\Movilizacion.iOS.csproj
		SccProjectTopLevelParentUniqueName9 = Elecciones.sln
		SccProjectName9 = Movilizacion.iOS
		SccLocalPath9 = Movilizacion.iOS
		SccProjectUniqueName10 = Elecciones.Common\\Elecciones.Common.csproj
		SccProjectName10 = Elecciones.Common
		SccLocalPath10 = Elecciones.Common
	EndGlobalSection
EndGlobal
